package: github.com/vxcontrol/rancher-letsencrypt
import:
- package: github.com/Azure/azure-sdk-for-go
  version: v17.3.0
- package: github.com/Azure/go-autorest
  version: v10.10.0
- package: github.com/JamesClonk/vultr
  version: 1.13.0
- package: github.com/Sirupsen/logrus
  version: v1.0.5
- package: github.com/aws/aws-sdk-go
  version: v1.14.3
- package: github.com/dgrijalva/jwt-go
  version: 6c8dedd
- package: github.com/dnsimple/dnsimple-go
  version: 5a5b427
- package: github.com/edeckers/auroradnsclient
  version: 8b777c1
- package: github.com/go-ini/ini
  version: e7fea39
- package: github.com/google/go-querystring
  version: 53e6ce1
- package: github.com/gorilla/websocket
  version: a91eba7
- package: github.com/jmespath/go-jmespath
  version: bd40a43
- package: github.com/juju/ratelimit
  version: 77ed1c8
- package: github.com/miekg/dns
  version: f282f80
- package: github.com/ovh/go-ovh
  version: d220717
- package: github.com/pkg/errors
  version: c605e28
- package: github.com/rancher/go-rancher/v2
  version: 939fd85
- package: github.com/xenolf/lego
  version: 7fedfd1
- package: golang.org/x/crypto
  version: ab89591
- package: golang.org/x/sys
  version: f845067
- package: gopkg.in/ini.v1
  version: e7fea39
- package: gopkg.in/ns1/ns1-go.v2
  version: c563826
- package: gopkg.in/square/go-jose.v2
  version: v2.1.6
